Microsoft Visual Studio Solution File, Format Version 11.00
# Visual Studio 2008

Project("{2C6B8100-F0F0-E8E8-76D8-789824F143E3}") = "RogueLite", "Assembly-UnityScript.unityproj", "{85215A63-5A3C-B2DA-F178-D8154466F742}"
EndProject
Global
	GlobalSection(SolutionConfigurationPlatforms) = preSolution
		Debug|Any CPU = Debug|Any CPU
		Release|Any CPU = Release|Any CPU
	EndGlobalSection
	GlobalSection(ProjectConfigurationPlatforms) = postSolution
		{85215A63-5A3C-B2DA-F178-D8154466F742}.Debug|Any CPU.ActiveCfg = Debug|Any CPU
		{85215A63-5A3C-B2DA-F178-D8154466F742}.Debug|Any CPU.Build.0 = Debug|Any CPU
		{85215A63-5A3C-B2DA-F178-D8154466F742}.Release|Any CPU.ActiveCfg = Release|Any CPU
		{85215A63-5A3C-B2DA-F178-D8154466F742}.Release|Any CPU.Build.0 = Release|Any CPU
	EndGlobalSection
	GlobalSection(SolutionProperties) = preSolution
		HideSolutionNode = FALSE
	EndGlobalSection
	GlobalSection(MonoDevelopProperties) = preSolution
		StartupItem = Assembly-CSharp.csproj
	EndGlobalSection
EndGlobal
